
Microsoft Visual Studio Solution File, Format Version 12.00
# Visual Studio 15
VisualStudioVersion = 15.0.27004.2005
MinimumVisualStudioVersion = 10.0.40219.1
Project("{FAE04EC0-301F-11D3-BF4B-00C04F79EFBC}") = "SigilTradeBot", "SigilTradeBot\SigilTradeBot.csproj", "{247D5F28-AC93-43CA-BBF2-4F3A6DDCF3A3}"
EndProject
Project("{9A19103F-16F7-4668-BE54-9A1E7A4F7556}") = "BittrexSharp", "BittrexSharp\BittrexSharp.csproj", "{E59AB150-6BC3-42F5-AA9E-7208AEA4837A}"
EndProject
Global
	GlobalSection(SolutionConfigurationPlatforms) = preSolution
		Debug|Any CPU = Debug|Any CPU
		Release|Any CPU = Release|Any CPU
	EndGlobalSection
	GlobalSection(ProjectConfigurationPlatforms) = postSolution
		{247D5F28-AC93-43CA-BBF2-4F3A6DDCF3A3}.Debug|Any CPU.ActiveCfg = Debug|Any CPU
		{247D5F28-AC93-43CA-BBF2-4F3A6DDCF3A3}.Debug|Any CPU.Build.0 = Debug|Any CPU
		{247D5F28-AC93-43CA-BBF2-4F3A6DDCF3A3}.Release|Any CPU.ActiveCfg = Release|Any CPU
		{247D5F28-AC93-43CA-BBF2-4F3A6DDCF3A3}.Release|Any CPU.Build.0 = Release|Any CPU
		{E59AB150-6BC3-42F5-AA9E-7208AEA4837A}.Debug|Any CPU.ActiveCfg = Debug|Any CPU
		{E59AB150-6BC3-42F5-AA9E-7208AEA4837A}.Debug|Any CPU.Build.0 = Debug|Any CPU
		{E59AB150-6BC3-42F5-AA9E-7208AEA4837A}.Release|Any CPU.ActiveCfg = Release|Any CPU
		{E59AB150-6BC3-42F5-AA9E-7208AEA4837A}.Release|Any CPU.Build.0 = Release|Any CPU
	EndGlobalSection
	GlobalSection(SolutionProperties) = preSolution
		HideSolutionNode = FALSE
	EndGlobalSection
	GlobalSection(ExtensibilityGlobals) = postSolution
		SolutionGuid = {638A86CC-4F5A-4D80-9C65-327C9CB000E5}
	EndGlobalSection
EndGlobal
